
Microsoft Visual Studio Solution File, Format Version 12.00
# Visual Studio 15
VisualStudioVersion = 15.0.28307.1209
MinimumVisualStudioVersion = 10.0.40219.1
Project("{9A19103F-16F7-4668-BE54-9A1E7A4F7556}") = "TargetPaint", "TargetPaint.csproj", "{924483B6-8683-49C5-A9B5-490D23A12A6B}"
EndProject
Global
	GlobalSection(SolutionConfigurationPlatforms) = preSolution
		Debug|Any CPU = Debug|Any CPU
		Release|Any CPU = Release|Any CPU
	EndGlobalSection
	GlobalSection(ProjectConfigurationPlatforms) = postSolution
		{924483B6-8683-49C5-A9B5-490D23A12A6B}.Debug|Any CPU.ActiveCfg = Debug|Any CPU
		{924483B6-8683-49C5-A9B5-490D23A12A6B}.Debug|Any CPU.Build.0 = Debug|Any CPU
		{924483B6-8683-49C5-A9B5-490D23A12A6B}.Release|Any CPU.ActiveCfg = Release|Any CPU
		{924483B6-8683-49C5-A9B5-490D23A12A6B}.Release|Any CPU.Build.0 = Release|Any CPU
	EndGlobalSection
	GlobalSection(SolutionProperties) = preSolution
		HideSolutionNode = FALSE
	EndGlobalSection
	GlobalSection(ExtensibilityGlobals) = postSolution
		SolutionGuid = {03EA2E1F-5404-43C7-9B6F-3DFE7ED89198}
	EndGlobalSection
EndGlobal
